
Microsoft Visual Studio Solution File, Format Version 12.00
# Visual Studio 2015
Project("{FAE04EC0-301F-11D3-BF4B-00C04F79EFBC}") = "Chemical Simulation", "Chemical Simulation.csproj", "{31A10F80-7899-DA4D-F7C0-7E6B6A21D7FD}"
EndProject
Project("{FAE04EC0-301F-11D3-BF4B-00C04F79EFBC}") = "Chemical Simulation.Editor", "Chemical Simulation.Editor.csproj", "{EC72D5EA-B433-CB7C-D382-C1A5BC6F17C7}"
EndProject
Global
	GlobalSection(SolutionConfigurationPlatforms) = preSolution
		Debug|Any CPU = Debug|Any CPU
		Release|Any CPU = Release|Any CPU
	EndGlobalSection
	GlobalSection(ProjectConfigurationPlatforms) = postSolution
		{31A10F80-7899-DA4D-F7C0-7E6B6A21D7FD}.Debug|Any CPU.ActiveCfg = Debug|Any CPU
		{31A10F80-7899-DA4D-F7C0-7E6B6A21D7FD}.Debug|Any CPU.Build.0 = Debug|Any CPU
		{31A10F80-7899-DA4D-F7C0-7E6B6A21D7FD}.Release|Any CPU.ActiveCfg = Release|Any CPU
		{31A10F80-7899-DA4D-F7C0-7E6B6A21D7FD}.Release|Any CPU.Build.0 = Release|Any CPU
		{EC72D5EA-B433-CB7C-D382-C1A5BC6F17C7}.Debug|Any CPU.ActiveCfg = Debug|Any CPU
		{EC72D5EA-B433-CB7C-D382-C1A5BC6F17C7}.Debug|Any CPU.Build.0 = Debug|Any CPU
		{EC72D5EA-B433-CB7C-D382-C1A5BC6F17C7}.Release|Any CPU.ActiveCfg = Release|Any CPU
		{EC72D5EA-B433-CB7C-D382-C1A5BC6F17C7}.Release|Any CPU.Build.0 = Release|Any CPU
	EndGlobalSection
	GlobalSection(SolutionProperties) = preSolution
		HideSolutionNode = FALSE
	EndGlobalSection
EndGlobal
